
Microsoft Visual Studio Solution File, Format Version 12.00
# Visual Studio 14
VisualStudioVersion = 14.0.24720.0
MinimumVisualStudioVersion = 10.0.40219.1
Project("{FAE04EC0-301F-11D3-BF4B-00C04F79EFBC}") = "Assignment1", "Assignment1.csproj", "{E8C88A3A-D77B-4B22-8A0C-231B188F2825}"
EndProject
Project("{2150E333-8FDC-42A3-9474-1A3956D46DE8}") = "Solution Items", "Solution Items", "{E8712349-79C3-478E-B29F-75EB7D7B01A0}"
EndProject
Global
	GlobalSection(SolutionConfigurationPlatforms) = preSolution
		Debug|Any CPU = Debug|Any CPU
		Release|Any CPU = Release|Any CPU
	EndGlobalSection
	GlobalSection(ProjectConfigurationPlatforms) = postSolution
		{E8C88A3A-D77B-4B22-8A0C-231B188F2825}.Debug|Any CPU.ActiveCfg = Debug|Any CPU
		{E8C88A3A-D77B-4B22-8A0C-231B188F2825}.Debug|Any CPU.Build.0 = Debug|Any CPU
		{E8C88A3A-D77B-4B22-8A0C-231B188F2825}.Release|Any CPU.ActiveCfg = Release|Any CPU
		{E8C88A3A-D77B-4B22-8A0C-231B188F2825}.Release|Any CPU.Build.0 = Release|Any CPU
	EndGlobalSection
	GlobalSection(SolutionProperties) = preSolution
		HideSolutionNode = FALSE
	EndGlobalSection
EndGlobal
